
Microsoft Visual Studio Solution File, Format Version 12.00
# Visual Studio 15
VisualStudioVersion = 15.0.28307.572
MinimumVisualStudioVersion = 10.0.40219.1
Project("{FAE04EC0-301F-11D3-BF4B-00C04F79EFBC}") = "LinqToXml.Samples", "LinqToXml.Samples\LinqToXml.Samples.csproj", "{BCB064DC-6E07-48C8-9951-6351B3498895}"
EndProject
Project("{FAE04EC0-301F-11D3-BF4B-00C04F79EFBC}") = "XDoc.Samples_04", "XDoc.Samples_04\XDoc.Samples_04.csproj", "{93BC3BF1-1352-45FC-B13A-C168BA966AF7}"
EndProject
Project("{FAE04EC0-301F-11D3-BF4B-00C04F79EFBC}") = "XDoc.Samples_05", "XDoc.Samples_05\XDoc.Samples_05.csproj", "{EB7E3DF5-A7F2-4602-8830-8629DF71435C}"
EndProject
Project("{FAE04EC0-301F-11D3-BF4B-00C04F79EFBC}") = "SerializeXML.Samples", "SerializeXML.Samples_06\SerializeXML.Samples.csproj", "{AE5517D8-0F2C-4482-A99B-E0A354BC643A}"
EndProject
Project("{FAE04EC0-301F-11D3-BF4B-00C04F79EFBC}") = "Caching.Samples", "Caching.Samples\Caching.Samples.csproj", "{A37953E0-59FB-455B-B41C-5399A57CBA6C}"
EndProject
Global
	GlobalSection(SolutionConfigurationPlatforms) = preSolution
		Debug|Any CPU = Debug|Any CPU
		Release|Any CPU = Release|Any CPU
	EndGlobalSection
	GlobalSection(ProjectConfigurationPlatforms) = postSolution
		{BCB064DC-6E07-48C8-9951-6351B3498895}.Debug|Any CPU.ActiveCfg = Debug|Any CPU
		{BCB064DC-6E07-48C8-9951-6351B3498895}.Debug|Any CPU.Build.0 = Debug|Any CPU
		{BCB064DC-6E07-48C8-9951-6351B3498895}.Release|Any CPU.ActiveCfg = Release|Any CPU
		{BCB064DC-6E07-48C8-9951-6351B3498895}.Release|Any CPU.Build.0 = Release|Any CPU
		{93BC3BF1-1352-45FC-B13A-C168BA966AF7}.Debug|Any CPU.ActiveCfg = Debug|Any CPU
		{93BC3BF1-1352-45FC-B13A-C168BA966AF7}.Debug|Any CPU.Build.0 = Debug|Any CPU
		{93BC3BF1-1352-45FC-B13A-C168BA966AF7}.Release|Any CPU.ActiveCfg = Release|Any CPU
		{93BC3BF1-1352-45FC-B13A-C168BA966AF7}.Release|Any CPU.Build.0 = Release|Any CPU
		{EB7E3DF5-A7F2-4602-8830-8629DF71435C}.Debug|Any CPU.ActiveCfg = Debug|Any CPU
		{EB7E3DF5-A7F2-4602-8830-8629DF71435C}.Debug|Any CPU.Build.0 = Debug|Any CPU
		{EB7E3DF5-A7F2-4602-8830-8629DF71435C}.Release|Any CPU.ActiveCfg = Release|Any CPU
		{EB7E3DF5-A7F2-4602-8830-8629DF71435C}.Release|Any CPU.Build.0 = Release|Any CPU
		{AE5517D8-0F2C-4482-A99B-E0A354BC643A}.Debug|Any CPU.ActiveCfg = Debug|Any CPU
		{AE5517D8-0F2C-4482-A99B-E0A354BC643A}.Debug|Any CPU.Build.0 = Debug|Any CPU
		{AE5517D8-0F2C-4482-A99B-E0A354BC643A}.Release|Any CPU.ActiveCfg = Release|Any CPU
		{AE5517D8-0F2C-4482-A99B-E0A354BC643A}.Release|Any CPU.Build.0 = Release|Any CPU
		{A37953E0-59FB-455B-B41C-5399A57CBA6C}.Debug|Any CPU.ActiveCfg = Debug|Any CPU
		{A37953E0-59FB-455B-B41C-5399A57CBA6C}.Debug|Any CPU.Build.0 = Debug|Any CPU
		{A37953E0-59FB-455B-B41C-5399A57CBA6C}.Release|Any CPU.ActiveCfg = Release|Any CPU
		{A37953E0-59FB-455B-B41C-5399A57CBA6C}.Release|Any CPU.Build.0 = Release|Any CPU
	EndGlobalSection
	GlobalSection(SolutionProperties) = preSolution
		HideSolutionNode = FALSE
	EndGlobalSection
	GlobalSection(ExtensibilityGlobals) = postSolution
		SolutionGuid = {53CC3923-75BE-47DD-AA93-1A80B3CCE07F}
	EndGlobalSection
EndGlobal
